
Microsoft Visual Studio Solution File, Format Version 12.00
# Visual Studio Version 17
VisualStudioVersion = 17.5.002.0
MinimumVisualStudioVersion = 10.0.40219.1
Project("{9A19103F-16F7-4668-BE54-9A1E7A4F7556}") = "projectef", "projectef.csproj", "{03F51A6B-FCB6-40B8-8979-2B0F7719DF83}"
EndProject
Global
	GlobalSection(SolutionConfigurationPlatforms) = preSolution
		Debug|Any CPU = Debug|Any CPU
		Release|Any CPU = Release|Any CPU
	EndGlobalSection
	GlobalSection(ProjectConfigurationPlatforms) = postSolution
		{03F51A6B-FCB6-40B8-8979-2B0F7719DF83}.Debug|Any CPU.ActiveCfg = Debug|Any CPU
		{03F51A6B-FCB6-40B8-8979-2B0F7719DF83}.Debug|Any CPU.Build.0 = Debug|Any CPU
		{03F51A6B-FCB6-40B8-8979-2B0F7719DF83}.Release|Any CPU.ActiveCfg = Release|Any CPU
		{03F51A6B-FCB6-40B8-8979-2B0F7719DF83}.Release|Any CPU.Build.0 = Release|Any CPU
	EndGlobalSection
	GlobalSection(SolutionProperties) = preSolution
		HideSolutionNode = FALSE
	EndGlobalSection
	GlobalSection(ExtensibilityGlobals) = postSolution
		SolutionGuid = {8FE6688C-006C-48FA-B922-66AF695394DE}
	EndGlobalSection
EndGlobal
